
Microsoft Visual Studio Solution File, Format Version 12.00
# Visual Studio Version 17
VisualStudioVersion = 17.2.32519.379
MinimumVisualStudioVersion = 10.0.40219.1
Project("{8BC9CEB8-8B4A-11D0-8D11-00A0C91BC942}") = "gas", "gas-vs\gas-vs.vcxproj", "{C8FEBD90-0089-4691-B37A-87E3D777D135}"
EndProject
Project("{8BC9CEB8-8B4A-11D0-8D11-00A0C91BC942}") = "libiberty", "libiberty\libiberty.vcxproj", "{5B20DCB4-CD26-4F16-9CB7-1076FFBC9F72}"
EndProject
Project("{8BC9CEB8-8B4A-11D0-8D11-00A0C91BC942}") = "libopcodes", "libopcodes\libopcodes.vcxproj", "{2132BCBB-D308-4721-9383-20C9F234DD47}"
EndProject
Project("{8BC9CEB8-8B4A-11D0-8D11-00A0C91BC942}") = "libbfd", "libbfd\libbfd.vcxproj", "{0087D762-F152-4715-9AA6-68CD8E35B837}"
EndProject
Project("{8BC9CEB8-8B4A-11D0-8D11-00A0C91BC942}") = "zlib", "zlib\zlib.vcxproj", "{960BBE0E-CF9D-4997-BCD7-66CF5553D7B8}"
EndProject
Global
	GlobalSection(SolutionConfigurationPlatforms) = preSolution
		Debug|x64 = Debug|x64
		Debug|x86 = Debug|x86
		Release|x64 = Release|x64
		Release|x86 = Release|x86
	EndGlobalSection
	GlobalSection(ProjectConfigurationPlatforms) = postSolution
		{C8FEBD90-0089-4691-B37A-87E3D777D135}.Debug|x64.ActiveCfg = Debug|x64
		{C8FEBD90-0089-4691-B37A-87E3D777D135}.Debug|x64.Build.0 = Debug|x64
		{C8FEBD90-0089-4691-B37A-87E3D777D135}.Debug|x86.ActiveCfg = Debug|Win32
		{C8FEBD90-0089-4691-B37A-87E3D777D135}.Debug|x86.Build.0 = Debug|Win32
		{C8FEBD90-0089-4691-B37A-87E3D777D135}.Release|x64.ActiveCfg = Release|x64
		{C8FEBD90-0089-4691-B37A-87E3D777D135}.Release|x64.Build.0 = Release|x64
		{C8FEBD90-0089-4691-B37A-87E3D777D135}.Release|x86.ActiveCfg = Release|Win32
		{C8FEBD90-0089-4691-B37A-87E3D777D135}.Release|x86.Build.0 = Release|Win32
		{5B20DCB4-CD26-4F16-9CB7-1076FFBC9F72}.Debug|x64.ActiveCfg = Debug|x64
		{5B20DCB4-CD26-4F16-9CB7-1076FFBC9F72}.Debug|x64.Build.0 = Debug|x64
		{5B20DCB4-CD26-4F16-9CB7-1076FFBC9F72}.Debug|x86.ActiveCfg = Debug|Win32
		{5B20DCB4-CD26-4F16-9CB7-1076FFBC9F72}.Debug|x86.Build.0 = Debug|Win32
		{5B20DCB4-CD26-4F16-9CB7-1076FFBC9F72}.Release|x64.ActiveCfg = Release|x64
		{5B20DCB4-CD26-4F16-9CB7-1076FFBC9F72}.Release|x64.Build.0 = Release|x64
		{5B20DCB4-CD26-4F16-9CB7-1076FFBC9F72}.Release|x86.ActiveCfg = Release|Win32
		{5B20DCB4-CD26-4F16-9CB7-1076FFBC9F72}.Release|x86.Build.0 = Release|Win32
		{2132BCBB-D308-4721-9383-20C9F234DD47}.Debug|x64.ActiveCfg = Debug|x64
		{2132BCBB-D308-4721-9383-20C9F234DD47}.Debug|x64.Build.0 = Debug|x64
		{2132BCBB-D308-4721-9383-20C9F234DD47}.Debug|x86.ActiveCfg = Debug|Win32
		{2132BCBB-D308-4721-9383-20C9F234DD47}.Debug|x86.Build.0 = Debug|Win32
		{2132BCBB-D308-4721-9383-20C9F234DD47}.Release|x64.ActiveCfg = Release|x64
		{2132BCBB-D308-4721-9383-20C9F234DD47}.Release|x64.Build.0 = Release|x64
		{2132BCBB-D308-4721-9383-20C9F234DD47}.Release|x86.ActiveCfg = Release|Win32
		{2132BCBB-D308-4721-9383-20C9F234DD47}.Release|x86.Build.0 = Release|Win32
		{0087D762-F152-4715-9AA6-68CD8E35B837}.Debug|x64.ActiveCfg = Debug|x64
		{0087D762-F152-4715-9AA6-68CD8E35B837}.Debug|x64.Build.0 = Debug|x64
		{0087D762-F152-4715-9AA6-68CD8E35B837}.Debug|x86.ActiveCfg = Debug|Win32
		{0087D762-F152-4715-9AA6-68CD8E35B837}.Debug|x86.Build.0 = Debug|Win32
		{0087D762-F152-4715-9AA6-68CD8E35B837}.Release|x64.ActiveCfg = Release|x64
		{0087D762-F152-4715-9AA6-68CD8E35B837}.Release|x64.Build.0 = Release|x64
		{0087D762-F152-4715-9AA6-68CD8E35B837}.Release|x86.ActiveCfg = Release|Win32
		{0087D762-F152-4715-9AA6-68CD8E35B837}.Release|x86.Build.0 = Release|Win32
		{960BBE0E-CF9D-4997-BCD7-66CF5553D7B8}.Debug|x64.ActiveCfg = Debug|x64
		{960BBE0E-CF9D-4997-BCD7-66CF5553D7B8}.Debug|x64.Build.0 = Debug|x64
		{960BBE0E-CF9D-4997-BCD7-66CF5553D7B8}.Debug|x86.ActiveCfg = Debug|Win32
		{960BBE0E-CF9D-4997-BCD7-66CF5553D7B8}.Debug|x86.Build.0 = Debug|Win32
		{960BBE0E-CF9D-4997-BCD7-66CF5553D7B8}.Release|x64.ActiveCfg = Release|x64
		{960BBE0E-CF9D-4997-BCD7-66CF5553D7B8}.Release|x64.Build.0 = Release|x64
		{960BBE0E-CF9D-4997-BCD7-66CF5553D7B8}.Release|x86.ActiveCfg = Release|Win32
		{960BBE0E-CF9D-4997-BCD7-66CF5553D7B8}.Release|x86.Build.0 = Release|Win32
	EndGlobalSection
	GlobalSection(SolutionProperties) = preSolution
		HideSolutionNode = FALSE
	EndGlobalSection
	GlobalSection(ExtensibilityGlobals) = postSolution
		SolutionGuid = {F79AF32E-FF78-4CC3-B497-D9D418445B8B}
	EndGlobalSection
EndGlobal
